
Microsoft Visual Studio Solution File, Format Version 12.00
# Visual Studio Version 16
VisualStudioVersion = 16.0.30523.141
MinimumVisualStudioVersion = 10.0.40219.1
Project("{FAE04EC0-301F-11D3-BF4B-00C04F79EFBC}") = "Practice", "Practice\Practice.csproj", "{3A4C13C4-7088-4D3F-9453-FB9529ECF04C}"
EndProject
Global
	GlobalSection(SolutionConfigurationPlatforms) = preSolution
		Debug|Any CPU = Debug|Any CPU
		Release|Any CPU = Release|Any CPU
	EndGlobalSection
	GlobalSection(ProjectConfigurationPlatforms) = postSolution
		{3A4C13C4-7088-4D3F-9453-FB9529ECF04C}.Debug|Any CPU.ActiveCfg = Debug|Any CPU
		{3A4C13C4-7088-4D3F-9453-FB9529ECF04C}.Debug|Any CPU.Build.0 = Debug|Any CPU
		{3A4C13C4-7088-4D3F-9453-FB9529ECF04C}.Release|Any CPU.ActiveCfg = Release|Any CPU
		{3A4C13C4-7088-4D3F-9453-FB9529ECF04C}.Release|Any CPU.Build.0 = Release|Any CPU
	EndGlobalSection
	GlobalSection(SolutionProperties) = preSolution
		HideSolutionNode = FALSE
	EndGlobalSection
	GlobalSection(ExtensibilityGlobals) = postSolution
		SolutionGuid = {3307B6C5-FF0F-4E52-8937-F845602C9418}
	EndGlobalSection
EndGlobal
